
Microsoft Visual Studio Solution File, Format Version 12.00
Project("{FAE04EC0-301F-11D3-BF4B-00C04F79EFBC}") = "DeviceSystemBackend", "DeviceSystemBackend\DeviceSystemBackend.csproj", "{3F9879A2-8585-4D66-BD8B-B069F2776860}"
EndProject
Project("{FAE04EC0-301F-11D3-BF4B-00C04F79EFBC}") = "DeviceSystemBackendTesting", "DeviceSystemBackendTesting\DeviceSystemBackendTesting.csproj", "{1FEDE873-CF57-4586-9325-1410E2F9C101}"
EndProject
Global
	GlobalSection(SolutionConfigurationPlatforms) = preSolution
		Debug|Any CPU = Debug|Any CPU
		Release|Any CPU = Release|Any CPU
	EndGlobalSection
	GlobalSection(ProjectConfigurationPlatforms) = postSolution
		{3F9879A2-8585-4D66-BD8B-B069F2776860}.Debug|Any CPU.ActiveCfg = Debug|Any CPU
		{3F9879A2-8585-4D66-BD8B-B069F2776860}.Debug|Any CPU.Build.0 = Debug|Any CPU
		{3F9879A2-8585-4D66-BD8B-B069F2776860}.Release|Any CPU.ActiveCfg = Release|Any CPU
		{3F9879A2-8585-4D66-BD8B-B069F2776860}.Release|Any CPU.Build.0 = Release|Any CPU
		{1FEDE873-CF57-4586-9325-1410E2F9C101}.Debug|Any CPU.ActiveCfg = Debug|Any CPU
		{1FEDE873-CF57-4586-9325-1410E2F9C101}.Debug|Any CPU.Build.0 = Debug|Any CPU
		{1FEDE873-CF57-4586-9325-1410E2F9C101}.Release|Any CPU.ActiveCfg = Release|Any CPU
		{1FEDE873-CF57-4586-9325-1410E2F9C101}.Release|Any CPU.Build.0 = Release|Any CPU
	EndGlobalSection
EndGlobal
